
Microsoft Visual Studio Solution File, Format Version 12.00
# Visual Studio Version 17
VisualStudioVersion = 17.4.33110.190
MinimumVisualStudioVersion = 10.0.40219.1
Project("{8BC9CEB8-8B4A-11D0-8D11-00A0C91BC942}") = "Capturing-videos", "Capturing-videos\Capturing-videos.vcxproj", "{61614321-407D-4358-B02A-B7E81519C910}"
EndProject
Global
	GlobalSection(SolutionConfigurationPlatforms) = preSolution
		Debug|x64 = Debug|x64
		Debug|x86 = Debug|x86
		Release|x64 = Release|x64
		Release|x86 = Release|x86
	EndGlobalSection
	GlobalSection(ProjectConfigurationPlatforms) = postSolution
		{61614321-407D-4358-B02A-B7E81519C910}.Debug|x64.ActiveCfg = Debug|x64
		{61614321-407D-4358-B02A-B7E81519C910}.Debug|x64.Build.0 = Debug|x64
		{61614321-407D-4358-B02A-B7E81519C910}.Debug|x86.ActiveCfg = Debug|Win32
		{61614321-407D-4358-B02A-B7E81519C910}.Debug|x86.Build.0 = Debug|Win32
		{61614321-407D-4358-B02A-B7E81519C910}.Release|x64.ActiveCfg = Release|x64
		{61614321-407D-4358-B02A-B7E81519C910}.Release|x64.Build.0 = Release|x64
		{61614321-407D-4358-B02A-B7E81519C910}.Release|x86.ActiveCfg = Release|Win32
		{61614321-407D-4358-B02A-B7E81519C910}.Release|x86.Build.0 = Release|Win32
	EndGlobalSection
	GlobalSection(SolutionProperties) = preSolution
		HideSolutionNode = FALSE
	EndGlobalSection
	GlobalSection(ExtensibilityGlobals) = postSolution
		SolutionGuid = {3D7F17C1-97EA-4CD2-92BF-D2BD8A44CF7D}
	EndGlobalSection
EndGlobal
